{
  "version": 4,
  "terraform_version": "1.0.9",
  "serial": 575,
  "lineage": "3cee9127-7999-ba85-2c4b-55c187dc113e",
  "outputs": {
    "netwrk_id": {
      "value": "/subscriptions/0df0b217-e303-4931-bcbf-af4fe070d1ac/resourceGroups/ShaharTF/providers/Microsoft.Network/networkInterfaces/VM10-nic",
      "type": "string"
    },
    "virtual_network_id": {
      "value": "/subscriptions/0df0b217-e303-4931-bcbf-af4fe070d1ac/resourceGroups/bastion1/providers/Microsoft.Network/virtualNetworks/bastion1",
      "type": "string"
    },
    "vnet_id": {
      "value": "/subscriptions/0df0b217-e303-4931-bcbf-af4fe070d1ac/resourceGroups/ShaharTF/providers/Microsoft.Network/virtualNetworks/ShaharTF",
      "type": "string"
    }
  },
  "resources": [
    {
      "mode": "data",
      "type": "azurerm_public_ip",
      "name": "test",
      "provider": "provider[\"registry.terraform.io/hashicorp/azurerm\"]",
      "instances": [
        {
          "schema_version": 0,
          "attributes": {
            "allocation_method": "Static",
            "domain_name_label": "",
            "fqdn": "",
            "id": "/subscriptions/0df0b217-e303-4931-bcbf-af4fe070d1ac/resourceGroups/ShaharTF/providers/Microsoft.Network/publicIPAddresses/PublicIPForLB",
            "idle_timeout_in_minutes": 4,
            "ip_address": "20.115.127.103",
            "ip_tags": {},
            "ip_version": "IPv4",
            "location": "eastus",
            "name": "PublicIPForLB",
            "resource_group_name": "ShaharTF",
            "reverse_fqdn": "",
            "sku": "Basic",
            "tags": {},
            "timeouts": null,
            "zones": []
          },
          "sensitive_attributes": []
        }
      ]
    },
    {
      "mode": "data",
      "type": "azurerm_resource_group",
      "name": "shaharpeering",
      "provider": "provider[\"registry.terraform.io/hashicorp/azurerm\"]",
      "instances": [
        {
          "schema_version": 0,
          "attributes": {
            "id": "/subscriptions/0df0b217-e303-4931-bcbf-af4fe070d1ac/resourceGroups/bastion1",
            "location": "eastus",
            "name": "bastion1",
            "tags": {},
            "timeouts": null
          },
          "sensitive_attributes": []
        }
      ]
    },
    {
      "mode": "data",
      "type": "azurerm_virtual_network",
      "name": "shaharbastion",
      "provider": "provider[\"registry.terraform.io/hashicorp/azurerm\"]",
      "instances": [
        {
          "schema_version": 0,
          "attributes": {
            "address_space": [
              "11.0.0.0/16"
            ],
            "dns_servers": [],
            "guid": "4f1e065d-0b4d-410a-8e97-f642cf784013",
            "id": "/subscriptions/0df0b217-e303-4931-bcbf-af4fe070d1ac/resourceGroups/bastion1/providers/Microsoft.Network/virtualNetworks/bastion1",
            "location": "eastus",
            "name": "bastion1",
            "resource_group_name": "bastion1",
            "subnets": [
              "AzureBastionSubnet"
            ],
            "timeouts": null,
            "vnet_peerings": {
              "Inna_Jenkins": "/subscriptions/0df0b217-e303-4931-bcbf-af4fe070d1ac/resourceGroups/inna_terraform/providers/Microsoft.Network/virtualNetworks/inna-network",
              "abirToBustion": "/subscriptions/0df0b217-e303-4931-bcbf-af4fe070d1ac/resourceGroups/abir_group/providers/Microsoft.Network/virtualNetworks/myVNet",
              "asaf": "/subscriptions/0df0b217-e303-4931-bcbf-af4fe070d1ac/resourceGroups/asaf-azuretask-rg/providers/Microsoft.Network/virtualNetworks/asaf-myfirstappvnet",
              "asaf-tf": "/subscriptions/0df0b217-e303-4931-bcbf-af4fe070d1ac/resourceGroups/asaf-tf-azuretask-rg/providers/Microsoft.Network/virtualNetworks/vnetAsaf",
              "chen_peer": "/subscriptions/0df0b217-e303-4931-bcbf-af4fe070d1ac/resourceGroups/chen-azuretask-rg/providers/Microsoft.Network/virtualNetworks/chen_vnet",
              "inna-azuretask": "/subscriptions/0df0b217-e303-4931-bcbf-af4fe070d1ac/resourceGroups/inna-azuretask-rg/providers/Microsoft.Network/virtualNetworks/inna-azuretask-rg_VNet1",
              "jonathanfe": "/subscriptions/0df0b217-e303-4931-bcbf-af4fe070d1ac/resourceGroups/jonathanfe-azuretask-rg/providers/Microsoft.Network/virtualNetworks/jonathanfe-azuretask-rg-vnet",
              "main": "/subscriptions/0df0b217-e303-4931-bcbf-af4fe070d1ac/resourceGroups/test1/providers/Microsoft.Network/virtualNetworks/myVNet",
              "orTerraformProject": "/subscriptions/0df0b217-e303-4931-bcbf-af4fe070d1ac/resourceGroups/or-project-terraform/providers/Microsoft.Network/virtualNetworks/tfVnet",
              "orToBastionTF": "/subscriptions/0df0b217-e303-4931-bcbf-af4fe070d1ac/resourceGroups/orTerraform/providers/Microsoft.Network/virtualNetworks/orTerraform",
              "peering-production": "/subscriptions/0df0b217-e303-4931-bcbf-af4fe070d1ac/resourceGroups/jonathanfeTF_production-production/providers/Microsoft.Network/virtualNetworks/jonathanfe-terraform-network-production",
              "peering-staging": "/subscriptions/0df0b217-e303-4931-bcbf-af4fe070d1ac/resourceGroups/jonathanfeTF_staging-staging/providers/Microsoft.Network/virtualNetworks/jonathanfe-terraform-network-staging",
              "peering2": "/subscriptions/0df0b217-e303-4931-bcbf-af4fe070d1ac/resourceGroups/chen_tf/providers/Microsoft.Network/virtualNetworks/chen_tf",
              "peertoShaharTF": "/subscriptions/0df0b217-e303-4931-bcbf-af4fe070d1ac/resourceGroups/ShaharTF/providers/Microsoft.Network/virtualNetworks/ShaharTF",
              "prod-asaf-tf": "/subscriptions/0df0b217-e303-4931-bcbf-af4fe070d1ac/resourceGroups/prod-asaf-tf-azuretask-rg/providers/Microsoft.Network/virtualNetworks/prod-vnetAsaf",
              "prod_peering-from-bustion": "/subscriptions/0df0b217-e303-4931-bcbf-af4fe070d1ac/resourceGroups/prod_inna_terraform_task/providers/Microsoft.Network/virtualNetworks/prod_terraform_vnet",
              "prod_peering2": "/subscriptions/0df0b217-e303-4931-bcbf-af4fe070d1ac/resourceGroups/prod_chen_tf_task/providers/Microsoft.Network/virtualNetworks/prod_chen_tf_task",
              "shahar": "/subscriptions/0df0b217-e303-4931-bcbf-af4fe070d1ac/resourceGroups/shahar-azuretask-rg/providers/Microsoft.Network/virtualNetworks/Vnet_shahar",
              "shayvnetper": "/subscriptions/0df0b217-e303-4931-bcbf-af4fe070d1ac/resourceGroups/shayntnew/providers/Microsoft.Network/virtualNetworks/shaymyt",
              "stage-asaf-tf": "/subscriptions/0df0b217-e303-4931-bcbf-af4fe070d1ac/resourceGroups/stage-asaf-tf-azuretask-rg/providers/Microsoft.Network/virtualNetworks/stage-vnetAsaf",
              "stage_peering2": "/subscriptions/0df0b217-e303-4931-bcbf-af4fe070d1ac/resourceGroups/stage_chen_tf_task/providers/Microsoft.Network/virtualNetworks/stage_chen_tf_task",
              "stg_peering-from-bustion": "/subscriptions/0df0b217-e303-4931-bcbf-af4fe070d1ac/resourceGroups/stg_inna_terraform_task/providers/Microsoft.Network/virtualNetworks/stg_terraform_vnet"
            }
          },
          "sensitive_attributes": []
        }
      ]
    },
    {
      "mode": "managed",
      "type": "azurerm_availability_set",
      "name": "test",
      "provider": "provider[\"registry.terraform.io/hashicorp/azurerm\"]",
      "instances": [
        {
          "schema_version": 0,
          "attributes": {
            "id": "/subscriptions/0df0b217-e303-4931-bcbf-af4fe070d1ac/resourceGroups/ShaharTF/providers/Microsoft.Compute/availabilitySets/example-aset",
            "location": "eastus",
            "managed": true,
            "name": "example-aset",
            "platform_fault_domain_count": 3,
            "platform_update_domain_count": 5,
            "proximity_placement_group_id": null,
            "resource_group_name": "ShaharTF",
            "tags": {},
            "timeouts": null
          },
          "sensitive_attributes": [],
          "private": "eyJlMmJmYjczMC1lY2FhLTExZTYtOGY4OC0zNDM2M2JjN2M0YzAiOnsiY3JlYXRlIjoxODAwMDAwMDAwMDAwLCJkZWxldGUiOjE4MDAwMDAwMDAwMDAsInJlYWQiOjMwMDAwMDAwMDAwMCwidXBkYXRlIjoxODAwMDAwMDAwMDAwfX0=",
          "dependencies": [
            "azurerm_resource_group.test"
          ]
        }
      ]
    },
    {
      "mode": "managed",
      "type": "azurerm_lb",
      "name": "LB",
      "provider": "provider[\"registry.terraform.io/hashicorp/azurerm\"]",
      "instances": [
        {
          "schema_version": 0,
          "attributes": {
            "frontend_ip_configuration": [
              {
                "availability_zone": "No-Zone",
                "gateway_load_balancer_frontend_ip_configuration_id": "",
                "id": "/subscriptions/0df0b217-e303-4931-bcbf-af4fe070d1ac/resourceGroups/ShaharTF/providers/Microsoft.Network/loadBalancers/TestLoadBalancer/frontendIPConfigurations/PublicIPAddress",
                "inbound_nat_rules": [],
                "load_balancer_rules": [
                  "/subscriptions/0df0b217-e303-4931-bcbf-af4fe070d1ac/resourceGroups/ShaharTF/providers/Microsoft.Network/loadBalancers/TestLoadBalancer/loadBalancingRules/LBRule"
                ],
                "name": "PublicIPAddress",
                "outbound_rules": [],
                "private_ip_address": "",
                "private_ip_address_allocation": "Dynamic",
                "private_ip_address_version": "",
                "public_ip_address_id": "/subscriptions/0df0b217-e303-4931-bcbf-af4fe070d1ac/resourceGroups/ShaharTF/providers/Microsoft.Network/publicIPAddresses/PublicIPForLB",
                "public_ip_prefix_id": "",
                "subnet_id": "",
                "zones": []
              }
            ],
            "id": "/subscriptions/0df0b217-e303-4931-bcbf-af4fe070d1ac/resourceGroups/ShaharTF/providers/Microsoft.Network/loadBalancers/TestLoadBalancer",
            "location": "eastus",
            "name": "TestLoadBalancer",
            "private_ip_address": "",
            "private_ip_addresses": [],
            "resource_group_name": "ShaharTF",
            "sku": "Basic",
            "sku_tier": "Regional",
            "tags": {},
            "timeouts": null
          },
          "sensitive_attributes": [],
          "private": "eyJlMmJmYjczMC1lY2FhLTExZTYtOGY4OC0zNDM2M2JjN2M0YzAiOnsiY3JlYXRlIjoxODAwMDAwMDAwMDAwLCJkZWxldGUiOjE4MDAwMDAwMDAwMDAsInJlYWQiOjMwMDAwMDAwMDAwMCwidXBkYXRlIjoxODAwMDAwMDAwMDAwfX0=",
          "dependencies": [
            "azurerm_public_ip.LBIP",
            "azurerm_resource_group.test"
          ]
        }
      ]
    },
    {
      "mode": "managed",
      "type": "azurerm_lb_backend_address_pool",
      "name": "test",
      "provider": "provider[\"registry.terraform.io/hashicorp/azurerm\"]",
      "instances": [
        {
          "schema_version": 0,
          "attributes": {
            "backend_address": [],
            "backend_ip_configurations": [
              "/subscriptions/0df0b217-e303-4931-bcbf-af4fe070d1ac/resourceGroups/ShaharTF/providers/Microsoft.Network/networkInterfaces/VM10-nic/ipConfigurations/internal",
              "/subscriptions/0df0b217-e303-4931-bcbf-af4fe070d1ac/resourceGroups/ShaharTF/providers/Microsoft.Network/networkInterfaces/VM11-nic/ipConfigurations/internal"
            ],
            "id": "/subscriptions/0df0b217-e303-4931-bcbf-af4fe070d1ac/resourceGroups/ShaharTF/providers/Microsoft.Network/loadBalancers/TestLoadBalancer/backendAddressPools/BackEndAddressPool",
            "load_balancing_rules": [
              "/subscriptions/0df0b217-e303-4931-bcbf-af4fe070d1ac/resourceGroups/ShaharTF/providers/Microsoft.Network/loadBalancers/TestLoadBalancer/loadBalancingRules/LBRule"
            ],
            "loadbalancer_id": "/subscriptions/0df0b217-e303-4931-bcbf-af4fe070d1ac/resourceGroups/ShaharTF/providers/Microsoft.Network/loadBalancers/TestLoadBalancer",
            "name": "BackEndAddressPool",
            "outbound_rules": [],
            "resource_group_name": "ShaharTF",
            "timeouts": null,
            "tunnel_interface": []
          },
          "sensitive_attributes": [],
          "private": "eyJlMmJmYjczMC1lY2FhLTExZTYtOGY4OC0zNDM2M2JjN2M0YzAiOnsiY3JlYXRlIjoxODAwMDAwMDAwMDAwLCJkZWxldGUiOjE4MDAwMDAwMDAwMDAsInJlYWQiOjMwMDAwMDAwMDAwMCwidXBkYXRlIjoxODAwMDAwMDAwMDAwfX0=",
          "dependencies": [
            "azurerm_lb.LB",
            "azurerm_public_ip.LBIP",
            "azurerm_resource_group.test"
          ]
        }
      ]
    },
    {
      "mode": "managed",
      "type": "azurerm_lb_probe",
      "name": "test",
      "provider": "provider[\"registry.terraform.io/hashicorp/azurerm\"]",
      "instances": [
        {
          "schema_version": 0,
          "attributes": {
            "id": "/subscriptions/0df0b217-e303-4931-bcbf-af4fe070d1ac/resourceGroups/ShaharTF/providers/Microsoft.Network/loadBalancers/TestLoadBalancer/probes/TCP-running-probe",
            "interval_in_seconds": 15,
            "load_balancer_rules": [
              "/subscriptions/0df0b217-e303-4931-bcbf-af4fe070d1ac/resourceGroups/ShaharTF/providers/Microsoft.Network/loadBalancers/TestLoadBalancer/loadBalancingRules/LBRule"
            ],
            "loadbalancer_id": "/subscriptions/0df0b217-e303-4931-bcbf-af4fe070d1ac/resourceGroups/ShaharTF/providers/Microsoft.Network/loadBalancers/TestLoadBalancer",
            "name": "TCP-running-probe",
            "number_of_probes": 2,
            "port": 8080,
            "protocol": "Tcp",
            "request_path": "",
            "resource_group_name": "ShaharTF",
            "timeouts": null
          },
          "sensitive_attributes": [],
          "private": "eyJlMmJmYjczMC1lY2FhLTExZTYtOGY4OC0zNDM2M2JjN2M0YzAiOnsiY3JlYXRlIjoxODAwMDAwMDAwMDAwLCJkZWxldGUiOjE4MDAwMDAwMDAwMDAsInJlYWQiOjMwMDAwMDAwMDAwMCwidXBkYXRlIjoxODAwMDAwMDAwMDAwfX0=",
          "dependencies": [
            "azurerm_lb.LB",
            "azurerm_public_ip.LBIP",
            "azurerm_resource_group.test"
          ]
        }
      ]
    },
    {
      "mode": "managed",
      "type": "azurerm_lb_rule",
      "name": "test",
      "provider": "provider[\"registry.terraform.io/hashicorp/azurerm\"]",
      "instances": [
        {
          "schema_version": 0,
          "attributes": {
            "backend_address_pool_id": "/subscriptions/0df0b217-e303-4931-bcbf-af4fe070d1ac/resourceGroups/ShaharTF/providers/Microsoft.Network/loadBalancers/TestLoadBalancer/backendAddressPools/BackEndAddressPool",
            "backend_address_pool_ids": [
              "/subscriptions/0df0b217-e303-4931-bcbf-af4fe070d1ac/resourceGroups/ShaharTF/providers/Microsoft.Network/loadBalancers/TestLoadBalancer/backendAddressPools/BackEndAddressPool"
            ],
            "backend_port": 8080,
            "disable_outbound_snat": false,
            "enable_floating_ip": false,
            "enable_tcp_reset": false,
            "frontend_ip_configuration_id": "/subscriptions/0df0b217-e303-4931-bcbf-af4fe070d1ac/resourceGroups/ShaharTF/providers/Microsoft.Network/loadBalancers/TestLoadBalancer/frontendIPConfigurations/PublicIPAddress",
            "frontend_ip_configuration_name": "PublicIPAddress",
            "frontend_port": 80,
            "id": "/subscriptions/0df0b217-e303-4931-bcbf-af4fe070d1ac/resourceGroups/ShaharTF/providers/Microsoft.Network/loadBalancers/TestLoadBalancer/loadBalancingRules/LBRule",
            "idle_timeout_in_minutes": 4,
            "load_distribution": "Default",
            "loadbalancer_id": "/subscriptions/0df0b217-e303-4931-bcbf-af4fe070d1ac/resourceGroups/ShaharTF/providers/Microsoft.Network/loadBalancers/TestLoadBalancer",
            "name": "LBRule",
            "probe_id": "/subscriptions/0df0b217-e303-4931-bcbf-af4fe070d1ac/resourceGroups/ShaharTF/providers/Microsoft.Network/loadBalancers/TestLoadBalancer/probes/TCP-running-probe",
            "protocol": "Tcp",
            "resource_group_name": "ShaharTF",
            "timeouts": null
          },
          "sensitive_attributes": [],
          "private": "eyJlMmJmYjczMC1lY2FhLTExZTYtOGY4OC0zNDM2M2JjN2M0YzAiOnsiY3JlYXRlIjoxODAwMDAwMDAwMDAwLCJkZWxldGUiOjE4MDAwMDAwMDAwMDAsInJlYWQiOjMwMDAwMDAwMDAwMCwidXBkYXRlIjoxODAwMDAwMDAwMDAwfX0=",
          "dependencies": [
            "azurerm_resource_group.test",
            "azurerm_lb.LB",
            "azurerm_lb_backend_address_pool.test",
            "azurerm_lb_probe.test",
            "azurerm_public_ip.LBIP"
          ]
        }
      ]
    },
    {
      "mode": "managed",
      "type": "azurerm_network_interface",
      "name": "test",
      "provider": "provider[\"registry.terraform.io/hashicorp/azurerm\"]",
      "instances": [
        {
          "index_key": 0,
          "schema_version": 0,
          "attributes": {
            "applied_dns_servers": [],
            "dns_servers": [],
            "enable_accelerated_networking": false,
            "enable_ip_forwarding": false,
            "id": "/subscriptions/0df0b217-e303-4931-bcbf-af4fe070d1ac/resourceGroups/ShaharTF/providers/Microsoft.Network/networkInterfaces/VM10-nic",
            "internal_dns_name_label": "",
            "internal_domain_name_suffix": "xv5eqyvmfyrehhboqzbmb02gch.bx.internal.cloudapp.net",
            "ip_configuration": [
              {
                "gateway_load_balancer_frontend_ip_configuration_id": "",
                "name": "internal",
                "primary": true,
                "private_ip_address": "80.0.0.4",
                "private_ip_address_allocation": "Dynamic",
                "private_ip_address_version": "IPv4",
                "public_ip_address_id": "",
                "subnet_id": "/subscriptions/0df0b217-e303-4931-bcbf-af4fe070d1ac/resourceGroups/ShaharTF/providers/Microsoft.Network/virtualNetworks/ShaharTF/subnets/Sub1"
              }
            ],
            "location": "eastus",
            "mac_address": "00-22-48-22-FF-58",
            "name": "VM10-nic",
            "private_ip_address": "80.0.0.4",
            "private_ip_addresses": [
              "80.0.0.4"
            ],
            "resource_group_name": "ShaharTF",
            "tags": {},
            "timeouts": null,
            "virtual_machine_id": "/subscriptions/0df0b217-e303-4931-bcbf-af4fe070d1ac/resourceGroups/ShaharTF/providers/Microsoft.Compute/virtualMachines/MYVM-0"
          },
          "sensitive_attributes": [],
          "private": "eyJlMmJmYjczMC1lY2FhLTExZTYtOGY4OC0zNDM2M2JjN2M0YzAiOnsiY3JlYXRlIjoxODAwMDAwMDAwMDAwLCJkZWxldGUiOjE4MDAwMDAwMDAwMDAsInJlYWQiOjMwMDAwMDAwMDAwMCwidXBkYXRlIjoxODAwMDAwMDAwMDAwfX0=",
          "dependencies": [
            "azurerm_resource_group.test",
            "module.test.azurerm_subnet.subnet",
            "module.test.azurerm_virtual_network.vnet",
            "module.test.data.azurerm_resource_group.vnet"
          ]
        },
        {
          "index_key": 1,
          "schema_version": 0,
          "attributes": {
            "applied_dns_servers": [],
            "dns_servers": [],
            "enable_accelerated_networking": false,
            "enable_ip_forwarding": false,
            "id": "/subscriptions/0df0b217-e303-4931-bcbf-af4fe070d1ac/resourceGroups/ShaharTF/providers/Microsoft.Network/networkInterfaces/VM11-nic",
            "internal_dns_name_label": "",
            "internal_domain_name_suffix": "xv5eqyvmfyrehhboqzbmb02gch.bx.internal.cloudapp.net",
            "ip_configuration": [
              {
                "gateway_load_balancer_frontend_ip_configuration_id": "",
                "name": "internal",
                "primary": true,
                "private_ip_address": "80.0.0.5",
                "private_ip_address_allocation": "Dynamic",
                "private_ip_address_version": "IPv4",
                "public_ip_address_id": "",
                "subnet_id": "/subscriptions/0df0b217-e303-4931-bcbf-af4fe070d1ac/resourceGroups/ShaharTF/providers/Microsoft.Network/virtualNetworks/ShaharTF/subnets/Sub1"
              }
            ],
            "location": "eastus",
            "mac_address": "00-0D-3A-14-64-F9",
            "name": "VM11-nic",
            "private_ip_address": "80.0.0.5",
            "private_ip_addresses": [
              "80.0.0.5"
            ],
            "resource_group_name": "ShaharTF",
            "tags": {},
            "timeouts": null,
            "virtual_machine_id": "/subscriptions/0df0b217-e303-4931-bcbf-af4fe070d1ac/resourceGroups/ShaharTF/providers/Microsoft.Compute/virtualMachines/MYVM-1"
          },
          "sensitive_attributes": [],
          "private": "eyJlMmJmYjczMC1lY2FhLTExZTYtOGY4OC0zNDM2M2JjN2M0YzAiOnsiY3JlYXRlIjoxODAwMDAwMDAwMDAwLCJkZWxldGUiOjE4MDAwMDAwMDAwMDAsInJlYWQiOjMwMDAwMDAwMDAwMCwidXBkYXRlIjoxODAwMDAwMDAwMDAwfX0=",
          "dependencies": [
            "azurerm_resource_group.test",
            "module.test.azurerm_subnet.subnet",
            "module.test.azurerm_virtual_network.vnet",
            "module.test.data.azurerm_resource_group.vnet"
          ]
        }
      ]
    },
    {
      "mode": "managed",
      "type": "azurerm_network_interface_backend_address_pool_association",
      "name": "test",
      "provider": "provider[\"registry.terraform.io/hashicorp/azurerm\"]",
      "instances": [
        {
          "index_key": 0,
          "schema_version": 0,
          "attributes": {
            "backend_address_pool_id": "/subscriptions/0df0b217-e303-4931-bcbf-af4fe070d1ac/resourceGroups/ShaharTF/providers/Microsoft.Network/loadBalancers/TestLoadBalancer/backendAddressPools/BackEndAddressPool",
            "id": "/subscriptions/0df0b217-e303-4931-bcbf-af4fe070d1ac/resourceGroups/ShaharTF/providers/Microsoft.Network/networkInterfaces/VM10-nic/ipConfigurations/internal|/subscriptions/0df0b217-e303-4931-bcbf-af4fe070d1ac/resourceGroups/ShaharTF/providers/Microsoft.Network/loadBalancers/TestLoadBalancer/backendAddressPools/BackEndAddressPool",
            "ip_configuration_name": "internal",
            "network_interface_id": "/subscriptions/0df0b217-e303-4931-bcbf-af4fe070d1ac/resourceGroups/ShaharTF/providers/Microsoft.Network/networkInterfaces/VM10-nic",
            "timeouts": null
          },
          "sensitive_attributes": [],
          "private": "eyJlMmJmYjczMC1lY2FhLTExZTYtOGY4OC0zNDM2M2JjN2M0YzAiOnsiY3JlYXRlIjoxODAwMDAwMDAwMDAwLCJkZWxldGUiOjE4MDAwMDAwMDAwMDAsInJlYWQiOjMwMDAwMDAwMDAwMCwidXBkYXRlIjoxODAwMDAwMDAwMDAwfX0=",
          "dependencies": [
            "azurerm_lb.LB",
            "azurerm_lb_backend_address_pool.test",
            "azurerm_network_interface.test",
            "azurerm_public_ip.LBIP",
            "azurerm_resource_group.test",
            "module.test.azurerm_subnet.subnet",
            "module.test.azurerm_virtual_network.vnet",
            "module.test.data.azurerm_resource_group.vnet"
          ]
        },
        {
          "index_key": 1,
          "schema_version": 0,
          "attributes": {
            "backend_address_pool_id": "/subscriptions/0df0b217-e303-4931-bcbf-af4fe070d1ac/resourceGroups/ShaharTF/providers/Microsoft.Network/loadBalancers/TestLoadBalancer/backendAddressPools/BackEndAddressPool",
            "id": "/subscriptions/0df0b217-e303-4931-bcbf-af4fe070d1ac/resourceGroups/ShaharTF/providers/Microsoft.Network/networkInterfaces/VM11-nic/ipConfigurations/internal|/subscriptions/0df0b217-e303-4931-bcbf-af4fe070d1ac/resourceGroups/ShaharTF/providers/Microsoft.Network/loadBalancers/TestLoadBalancer/backendAddressPools/BackEndAddressPool",
            "ip_configuration_name": "internal",
            "network_interface_id": "/subscriptions/0df0b217-e303-4931-bcbf-af4fe070d1ac/resourceGroups/ShaharTF/providers/Microsoft.Network/networkInterfaces/VM11-nic",
            "timeouts": null
          },
          "sensitive_attributes": [],
          "private": "eyJlMmJmYjczMC1lY2FhLTExZTYtOGY4OC0zNDM2M2JjN2M0YzAiOnsiY3JlYXRlIjoxODAwMDAwMDAwMDAwLCJkZWxldGUiOjE4MDAwMDAwMDAwMDAsInJlYWQiOjMwMDAwMDAwMDAwMCwidXBkYXRlIjoxODAwMDAwMDAwMDAwfX0=",
          "dependencies": [
            "azurerm_resource_group.test",
            "module.test.azurerm_subnet.subnet",
            "module.test.azurerm_virtual_network.vnet",
            "module.test.data.azurerm_resource_group.vnet",
            "azurerm_lb.LB",
            "azurerm_lb_backend_address_pool.test",
            "azurerm_network_interface.test",
            "azurerm_public_ip.LBIP"
          ]
        }
      ]
    },
    {
      "mode": "managed",
      "type": "azurerm_public_ip",
      "name": "LBIP",
      "provider": "provider[\"registry.terraform.io/hashicorp/azurerm\"]",
      "instances": [
        {
          "schema_version": 0,
          "attributes": {
            "allocation_method": "Static",
            "availability_zone": "No-Zone",
            "domain_name_label": null,
            "fqdn": null,
            "id": "/subscriptions/0df0b217-e303-4931-bcbf-af4fe070d1ac/resourceGroups/ShaharTF/providers/Microsoft.Network/publicIPAddresses/PublicIPForLB",
            "idle_timeout_in_minutes": 4,
            "ip_address": "20.115.127.103",
            "ip_tags": {},
            "ip_version": "IPv4",
            "location": "eastus",
            "name": "PublicIPForLB",
            "public_ip_prefix_id": null,
            "resource_group_name": "ShaharTF",
            "reverse_fqdn": null,
            "sku": "Basic",
            "sku_tier": "Regional",
            "tags": {},
            "timeouts": null,
            "zones": []
          },
          "sensitive_attributes": [],
          "private": "eyJlMmJmYjczMC1lY2FhLTExZTYtOGY4OC0zNDM2M2JjN2M0YzAiOnsiY3JlYXRlIjoxODAwMDAwMDAwMDAwLCJkZWxldGUiOjE4MDAwMDAwMDAwMDAsInJlYWQiOjMwMDAwMDAwMDAwMCwidXBkYXRlIjoxODAwMDAwMDAwMDAwfX0=",
          "dependencies": [
            "azurerm_resource_group.test"
          ]
        }
      ]
    },
    {
      "mode": "managed",
      "type": "azurerm_resource_group",
      "name": "test",
      "provider": "provider[\"registry.terraform.io/hashicorp/azurerm\"]",
      "instances": [
        {
          "schema_version": 0,
          "attributes": {
            "id": "/subscriptions/0df0b217-e303-4931-bcbf-af4fe070d1ac/resourceGroups/ShaharTF",
            "location": "eastus",
            "name": "ShaharTF",
            "tags": {},
            "timeouts": null
          },
          "sensitive_attributes": [],
          "private": "eyJlMmJmYjczMC1lY2FhLTExZTYtOGY4OC0zNDM2M2JjN2M0YzAiOnsiY3JlYXRlIjo1NDAwMDAwMDAwMDAwLCJkZWxldGUiOjU0MDAwMDAwMDAwMDAsInJlYWQiOjMwMDAwMDAwMDAwMCwidXBkYXRlIjo1NDAwMDAwMDAwMDAwfX0="
        }
      ]
    },
    {
      "mode": "managed",
      "type": "azurerm_virtual_machine",
      "name": "test",
      "provider": "provider[\"registry.terraform.io/hashicorp/azurerm\"]",
      "instances": [
        {
          "index_key": 0,
          "schema_version": 0,
          "attributes": {
            "additional_capabilities": [],
            "availability_set_id": "/subscriptions/0df0b217-e303-4931-bcbf-af4fe070d1ac/resourcegroups/shahartf/providers/microsoft.compute/availabilitysets/example-aset",
            "boot_diagnostics": [],
            "delete_data_disks_on_termination": false,
            "delete_os_disk_on_termination": false,
            "id": "/subscriptions/0df0b217-e303-4931-bcbf-af4fe070d1ac/resourceGroups/ShaharTF/providers/Microsoft.Compute/virtualMachines/MYVM-0",
            "identity": [],
            "license_type": null,
            "location": "eastus",
            "name": "MYVM-0",
            "network_interface_ids": [
              "/subscriptions/0df0b217-e303-4931-bcbf-af4fe070d1ac/resourceGroups/ShaharTF/providers/Microsoft.Network/networkInterfaces/VM10-nic"
            ],
            "os_profile": [
              {
                "admin_password": "",
                "admin_username": "shahars",
                "computer_name": "hostname",
                "custom_data": ""
              }
            ],
            "os_profile_linux_config": [
              {
                "disable_password_authentication": true,
                "ssh_keys": [
                  {
                    "key_data": "ssh-rsa AAAAB3NzaC1yc2EAAAADAQABAAABgQDXit5evVSn0qLCgtzfYEmIioEK6ue2m1fUsjEcCQxIKY3+EFwSzNdPs/8wKEXEqxhI68wHdolrIg3tlfM8/a2juXaBW3QpVbexba0zCt4Ucd2aPU4WMy2RW1DGUTqtdHk6lqRIgkaV0giUO142QjzOSrZvt9c9SvDju/uSINqsY61dQuc2sQDmsgIgsmmQWpklZB0iP2t2tKVgwWH5G3HkRK8wo87BvcA6BzfBJRzKpcDkjsII+GJlmNV6bTJUIg2bj0WQhDyTWSh1w4tyOFzTQKRu74WisQawYEXKeWpKUvYs1n4e+yVaoQcs7rAj40qd+pFwXH4s1n5xz15eMpmxXIskm+t+BmxQ89eX0Z/dwXeYhPuFLnCJQ4CBvgEquL+UVOoZQBTLPjZ/QabaMp2jFqlA5GCtLx9M3Cb+2sGKz3EHkT6InhNIiP4wfsXka5NY6ldV796Qqj/+IZIKNufwPKRsqbE6YKslI9ovjhB5ufW9WWy0Dh8oP9Mv0fCw5b0= shahars@PF2XWPYZ\n",
                    "path": "/home/shahars/.ssh/authorized_keys"
                  }
                ]
              }
            ],
            "os_profile_secrets": [],
            "os_profile_windows_config": [],
            "plan": [],
            "primary_network_interface_id": null,
            "proximity_placement_group_id": null,
            "resource_group_name": "ShaharTF",
            "storage_data_disk": [],
            "storage_image_reference": [
              {
                "id": "",
                "offer": "UbuntuServer",
                "publisher": "Canonical",
                "sku": "16.04-LTS",
                "version": "latest"
              }
            ],
            "storage_os_disk": [
              {
                "caching": "ReadWrite",
                "create_option": "FromImage",
                "disk_size_gb": 30,
                "image_uri": "",
                "managed_disk_id": "/subscriptions/0df0b217-e303-4931-bcbf-af4fe070d1ac/resourceGroups/ShaharTF/providers/Microsoft.Compute/disks/myosdisk0",
                "managed_disk_type": "Standard_LRS",
                "name": "myosdisk0",
                "os_type": "Linux",
                "vhd_uri": "",
                "write_accelerator_enabled": false
              }
            ],
            "tags": {},
            "timeouts": null,
            "vm_size": "Standard_DS1_v2",
            "zones": []
          },
          "sensitive_attributes": [],
          "private": "eyJlMmJmYjczMC1lY2FhLTExZTYtOGY4OC0zNDM2M2JjN2M0YzAiOnsiY3JlYXRlIjozNjAwMDAwMDAwMDAwLCJkZWxldGUiOjM2MDAwMDAwMDAwMDAsInJlYWQiOjMwMDAwMDAwMDAwMCwidXBkYXRlIjozNjAwMDAwMDAwMDAwfX0=",
          "dependencies": [
            "azurerm_availability_set.test",
            "azurerm_network_interface.test",
            "azurerm_resource_group.test",
            "module.test.azurerm_subnet.subnet",
            "module.test.azurerm_virtual_network.vnet",
            "module.test.data.azurerm_resource_group.vnet"
          ]
        },
        {
          "index_key": 1,
          "schema_version": 0,
          "attributes": {
            "additional_capabilities": [],
            "availability_set_id": "/subscriptions/0df0b217-e303-4931-bcbf-af4fe070d1ac/resourcegroups/shahartf/providers/microsoft.compute/availabilitysets/example-aset",
            "boot_diagnostics": [],
            "delete_data_disks_on_termination": false,
            "delete_os_disk_on_termination": false,
            "id": "/subscriptions/0df0b217-e303-4931-bcbf-af4fe070d1ac/resourceGroups/ShaharTF/providers/Microsoft.Compute/virtualMachines/MYVM-1",
            "identity": [],
            "license_type": null,
            "location": "eastus",
            "name": "MYVM-1",
            "network_interface_ids": [
              "/subscriptions/0df0b217-e303-4931-bcbf-af4fe070d1ac/resourceGroups/ShaharTF/providers/Microsoft.Network/networkInterfaces/VM11-nic"
            ],
            "os_profile": [
              {
                "admin_password": "",
                "admin_username": "shahars",
                "computer_name": "hostname",
                "custom_data": ""
              }
            ],
            "os_profile_linux_config": [
              {
                "disable_password_authentication": true,
                "ssh_keys": [
                  {
                    "key_data": "ssh-rsa AAAAB3NzaC1yc2EAAAADAQABAAABgQDXit5evVSn0qLCgtzfYEmIioEK6ue2m1fUsjEcCQxIKY3+EFwSzNdPs/8wKEXEqxhI68wHdolrIg3tlfM8/a2juXaBW3QpVbexba0zCt4Ucd2aPU4WMy2RW1DGUTqtdHk6lqRIgkaV0giUO142QjzOSrZvt9c9SvDju/uSINqsY61dQuc2sQDmsgIgsmmQWpklZB0iP2t2tKVgwWH5G3HkRK8wo87BvcA6BzfBJRzKpcDkjsII+GJlmNV6bTJUIg2bj0WQhDyTWSh1w4tyOFzTQKRu74WisQawYEXKeWpKUvYs1n4e+yVaoQcs7rAj40qd+pFwXH4s1n5xz15eMpmxXIskm+t+BmxQ89eX0Z/dwXeYhPuFLnCJQ4CBvgEquL+UVOoZQBTLPjZ/QabaMp2jFqlA5GCtLx9M3Cb+2sGKz3EHkT6InhNIiP4wfsXka5NY6ldV796Qqj/+IZIKNufwPKRsqbE6YKslI9ovjhB5ufW9WWy0Dh8oP9Mv0fCw5b0= shahars@PF2XWPYZ\n",
                    "path": "/home/shahars/.ssh/authorized_keys"
                  }
                ]
              }
            ],
            "os_profile_secrets": [],
            "os_profile_windows_config": [],
            "plan": [],
            "primary_network_interface_id": null,
            "proximity_placement_group_id": null,
            "resource_group_name": "ShaharTF",
            "storage_data_disk": [],
            "storage_image_reference": [
              {
                "id": "",
                "offer": "UbuntuServer",
                "publisher": "Canonical",
                "sku": "16.04-LTS",
                "version": "latest"
              }
            ],
            "storage_os_disk": [
              {
                "caching": "ReadWrite",
                "create_option": "FromImage",
                "disk_size_gb": 30,
                "image_uri": "",
                "managed_disk_id": "/subscriptions/0df0b217-e303-4931-bcbf-af4fe070d1ac/resourceGroups/ShaharTF/providers/Microsoft.Compute/disks/myosdisk1",
                "managed_disk_type": "Standard_LRS",
                "name": "myosdisk1",
                "os_type": "Linux",
                "vhd_uri": "",
                "write_accelerator_enabled": false
              }
            ],
            "tags": {},
            "timeouts": null,
            "vm_size": "Standard_DS1_v2",
            "zones": []
          },
          "sensitive_attributes": [],
          "private": "eyJlMmJmYjczMC1lY2FhLTExZTYtOGY4OC0zNDM2M2JjN2M0YzAiOnsiY3JlYXRlIjozNjAwMDAwMDAwMDAwLCJkZWxldGUiOjM2MDAwMDAwMDAwMDAsInJlYWQiOjMwMDAwMDAwMDAwMCwidXBkYXRlIjozNjAwMDAwMDAwMDAwfX0=",
          "dependencies": [
            "azurerm_availability_set.test",
            "azurerm_network_interface.test",
            "azurerm_resource_group.test",
            "module.test.azurerm_subnet.subnet",
            "module.test.azurerm_virtual_network.vnet",
            "module.test.data.azurerm_resource_group.vnet"
          ]
        }
      ]
    },
    {
      "mode": "managed",
      "type": "azurerm_virtual_machine_extension",
      "name": "test",
      "provider": "provider[\"registry.terraform.io/hashicorp/azurerm\"]",
      "instances": [
        {
          "index_key": 0,
          "schema_version": 0,
          "attributes": {
            "auto_upgrade_minor_version": false,
            "id": "/subscriptions/0df0b217-e303-4931-bcbf-af4fe070d1ac/resourceGroups/ShaharTF/providers/Microsoft.Compute/virtualMachines/MYVM-0/extensions/hostname-0",
            "name": "hostname-0",
            "protected_settings": null,
            "publisher": "Microsoft.Azure.Extensions",
            "settings": "{\"commandToExecute\":\"cd /home/shahars \\u0026\\u0026 mkdir ./App\"}",
            "tags": {},
            "timeouts": null,
            "type": "CustomScript",
            "type_handler_version": "2.0",
            "virtual_machine_id": "/subscriptions/0df0b217-e303-4931-bcbf-af4fe070d1ac/resourceGroups/ShaharTF/providers/Microsoft.Compute/virtualMachines/MYVM-0"
          },
          "sensitive_attributes": [],
          "private": "eyJlMmJmYjczMC1lY2FhLTExZTYtOGY4OC0zNDM2M2JjN2M0YzAiOnsiY3JlYXRlIjoxODAwMDAwMDAwMDAwLCJkZWxldGUiOjE4MDAwMDAwMDAwMDAsInJlYWQiOjMwMDAwMDAwMDAwMCwidXBkYXRlIjoxODAwMDAwMDAwMDAwfX0=",
          "dependencies": [
            "module.test.data.azurerm_resource_group.vnet",
            "azurerm_availability_set.test",
            "azurerm_network_interface.test",
            "azurerm_resource_group.test",
            "azurerm_virtual_machine.test",
            "module.test.azurerm_subnet.subnet",
            "module.test.azurerm_virtual_network.vnet"
          ]
        },
        {
          "index_key": 1,
          "schema_version": 0,
          "attributes": {
            "auto_upgrade_minor_version": false,
            "id": "/subscriptions/0df0b217-e303-4931-bcbf-af4fe070d1ac/resourceGroups/ShaharTF/providers/Microsoft.Compute/virtualMachines/MYVM-1/extensions/hostname-1",
            "name": "hostname-1",
            "protected_settings": null,
            "publisher": "Microsoft.Azure.Extensions",
            "settings": "{\"commandToExecute\":\"cd /home/shahars \\u0026\\u0026 mkdir ./App\"}",
            "tags": {},
            "timeouts": null,
            "type": "CustomScript",
            "type_handler_version": "2.0",
            "virtual_machine_id": "/subscriptions/0df0b217-e303-4931-bcbf-af4fe070d1ac/resourceGroups/ShaharTF/providers/Microsoft.Compute/virtualMachines/MYVM-1"
          },
          "sensitive_attributes": [],
          "private": "eyJlMmJmYjczMC1lY2FhLTExZTYtOGY4OC0zNDM2M2JjN2M0YzAiOnsiY3JlYXRlIjoxODAwMDAwMDAwMDAwLCJkZWxldGUiOjE4MDAwMDAwMDAwMDAsInJlYWQiOjMwMDAwMDAwMDAwMCwidXBkYXRlIjoxODAwMDAwMDAwMDAwfX0=",
          "dependencies": [
            "azurerm_virtual_machine.test",
            "module.test.azurerm_subnet.subnet",
            "module.test.azurerm_virtual_network.vnet",
            "module.test.data.azurerm_resource_group.vnet",
            "azurerm_availability_set.test",
            "azurerm_network_interface.test",
            "azurerm_resource_group.test"
          ]
        }
      ]
    },
    {
      "mode": "managed",
      "type": "azurerm_virtual_network_peering",
      "name": "shaharbastion",
      "provider": "provider[\"registry.terraform.io/hashicorp/azurerm\"]",
      "instances": [
        {
          "schema_version": 0,
          "attributes": {
            "allow_forwarded_traffic": true,
            "allow_gateway_transit": false,
            "allow_virtual_network_access": true,
            "id": "/subscriptions/0df0b217-e303-4931-bcbf-af4fe070d1ac/resourceGroups/ShaharTF/providers/Microsoft.Network/virtualNetworks/ShaharTF/virtualNetworkPeerings/peertobastion1",
            "name": "peertobastion1",
            "remote_virtual_network_id": "/subscriptions/0df0b217-e303-4931-bcbf-af4fe070d1ac/resourceGroups/bastion1/providers/Microsoft.Network/virtualNetworks/bastion1",
            "resource_group_name": "ShaharTF",
            "timeouts": null,
            "use_remote_gateways": false,
            "virtual_network_name": "ShaharTF"
          },
          "sensitive_attributes": [],
          "private": "eyJlMmJmYjczMC1lY2FhLTExZTYtOGY4OC0zNDM2M2JjN2M0YzAiOnsiY3JlYXRlIjoxODAwMDAwMDAwMDAwLCJkZWxldGUiOjE4MDAwMDAwMDAwMDAsInJlYWQiOjMwMDAwMDAwMDAwMCwidXBkYXRlIjoxODAwMDAwMDAwMDAwfX0=",
          "dependencies": [
            "module.test.data.azurerm_resource_group.vnet",
            "azurerm_resource_group.test",
            "data.azurerm_virtual_network.shaharbastion",
            "module.test.azurerm_virtual_network.vnet"
          ]
        }
      ]
    },
    {
      "mode": "managed",
      "type": "azurerm_virtual_network_peering",
      "name": "shaharpeering",
      "provider": "provider[\"registry.terraform.io/hashicorp/azurerm\"]",
      "instances": [
        {
          "schema_version": 0,
          "attributes": {
            "allow_forwarded_traffic": true,
            "allow_gateway_transit": false,
            "allow_virtual_network_access": true,
            "id": "/subscriptions/0df0b217-e303-4931-bcbf-af4fe070d1ac/resourceGroups/bastion1/providers/Microsoft.Network/virtualNetworks/bastion1/virtualNetworkPeerings/peertoShaharTF",
            "name": "peertoShaharTF",
            "remote_virtual_network_id": "/subscriptions/0df0b217-e303-4931-bcbf-af4fe070d1ac/resourceGroups/ShaharTF/providers/Microsoft.Network/virtualNetworks/ShaharTF",
            "resource_group_name": "bastion1",
            "timeouts": null,
            "use_remote_gateways": false,
            "virtual_network_name": "bastion1"
          },
          "sensitive_attributes": [],
          "private": "eyJlMmJmYjczMC1lY2FhLTExZTYtOGY4OC0zNDM2M2JjN2M0YzAiOnsiY3JlYXRlIjoxODAwMDAwMDAwMDAwLCJkZWxldGUiOjE4MDAwMDAwMDAwMDAsInJlYWQiOjMwMDAwMDAwMDAwMCwidXBkYXRlIjoxODAwMDAwMDAwMDAwfX0=",
          "dependencies": [
            "azurerm_resource_group.test",
            "data.azurerm_resource_group.shaharpeering",
            "data.azurerm_virtual_network.shaharbastion",
            "module.test.azurerm_virtual_network.vnet",
            "module.test.data.azurerm_resource_group.vnet"
          ]
        }
      ]
    },
    {
      "mode": "managed",
      "type": "null_resource",
      "name": "remoteExecProvisionerWFolder",
      "provider": "provider[\"registry.terraform.io/hashicorp/null\"]",
      "instances": [
        {
          "status": "tainted",
          "schema_version": 0,
          "attributes": {
            "id": "8291074530788947577",
            "triggers": null
          },
          "sensitive_attributes": [],
          "private": "bnVsbA=="
        }
      ]
    },
    {
      "module": "module.test",
      "mode": "data",
      "type": "azurerm_resource_group",
      "name": "vnet",
      "provider": "provider[\"registry.terraform.io/hashicorp/azurerm\"]",
      "instances": [
        {
          "schema_version": 0,
          "attributes": {
            "id": "/subscriptions/0df0b217-e303-4931-bcbf-af4fe070d1ac/resourceGroups/ShaharTF",
            "location": "eastus",
            "name": "ShaharTF",
            "tags": {},
            "timeouts": null
          },
          "sensitive_attributes": []
        }
      ]
    },
    {
      "module": "module.test",
      "mode": "managed",
      "type": "azurerm_subnet",
      "name": "subnet",
      "provider": "provider[\"registry.terraform.io/hashicorp/azurerm\"]",
      "instances": [
        {
          "index_key": 0,
          "schema_version": 0,
          "attributes": {
            "address_prefix": "80.0.0.0/24",
            "address_prefixes": [
              "80.0.0.0/24"
            ],
            "delegation": [],
            "enforce_private_link_endpoint_network_policies": false,
            "enforce_private_link_service_network_policies": false,
            "id": "/subscriptions/0df0b217-e303-4931-bcbf-af4fe070d1ac/resourceGroups/ShaharTF/providers/Microsoft.Network/virtualNetworks/ShaharTF/subnets/Sub1",
            "name": "Sub1",
            "resource_group_name": "ShaharTF",
            "service_endpoint_policy_ids": [],
            "service_endpoints": [],
            "timeouts": null,
            "virtual_network_name": "ShaharTF"
          },
          "sensitive_attributes": [],
          "private": "eyJlMmJmYjczMC1lY2FhLTExZTYtOGY4OC0zNDM2M2JjN2M0YzAiOnsiY3JlYXRlIjoxODAwMDAwMDAwMDAwLCJkZWxldGUiOjE4MDAwMDAwMDAwMDAsInJlYWQiOjMwMDAwMDAwMDAwMCwidXBkYXRlIjoxODAwMDAwMDAwMDAwfX0=",
          "dependencies": [
            "azurerm_resource_group.test",
            "module.test.azurerm_virtual_network.vnet",
            "module.test.data.azurerm_resource_group.vnet"
          ]
        },
        {
          "index_key": 1,
          "schema_version": 0,
          "attributes": {
            "address_prefix": "80.0.1.0/24",
            "address_prefixes": [
              "80.0.1.0/24"
            ],
            "delegation": [],
            "enforce_private_link_endpoint_network_policies": false,
            "enforce_private_link_service_network_policies": false,
            "id": "/subscriptions/0df0b217-e303-4931-bcbf-af4fe070d1ac/resourceGroups/ShaharTF/providers/Microsoft.Network/virtualNetworks/ShaharTF/subnets/Sub2",
            "name": "Sub2",
            "resource_group_name": "ShaharTF",
            "service_endpoint_policy_ids": [],
            "service_endpoints": [],
            "timeouts": null,
            "virtual_network_name": "ShaharTF"
          },
          "sensitive_attributes": [],
          "private": "eyJlMmJmYjczMC1lY2FhLTExZTYtOGY4OC0zNDM2M2JjN2M0YzAiOnsiY3JlYXRlIjoxODAwMDAwMDAwMDAwLCJkZWxldGUiOjE4MDAwMDAwMDAwMDAsInJlYWQiOjMwMDAwMDAwMDAwMCwidXBkYXRlIjoxODAwMDAwMDAwMDAwfX0=",
          "dependencies": [
            "azurerm_resource_group.test",
            "module.test.azurerm_virtual_network.vnet",
            "module.test.data.azurerm_resource_group.vnet"
          ]
        }
      ]
    },
    {
      "module": "module.test",
      "mode": "managed",
      "type": "azurerm_virtual_network",
      "name": "vnet",
      "provider": "provider[\"registry.terraform.io/hashicorp/azurerm\"]",
      "instances": [
        {
          "schema_version": 0,
          "attributes": {
            "address_space": [
              "80.0.0.0/16"
            ],
            "bgp_community": "",
            "ddos_protection_plan": [],
            "dns_servers": [],
            "guid": "62487ebd-2eac-4322-9c2e-8642c0eb8617",
            "id": "/subscriptions/0df0b217-e303-4931-bcbf-af4fe070d1ac/resourceGroups/ShaharTF/providers/Microsoft.Network/virtualNetworks/ShaharTF",
            "location": "eastus",
            "name": "ShaharTF",
            "resource_group_name": "ShaharTF",
            "subnet": [
              {
                "address_prefix": "80.0.0.0/24",
                "id": "/subscriptions/0df0b217-e303-4931-bcbf-af4fe070d1ac/resourceGroups/ShaharTF/providers/Microsoft.Network/virtualNetworks/ShaharTF/subnets/Sub1",
                "name": "Sub1",
                "security_group": ""
              },
              {
                "address_prefix": "80.0.1.0/24",
                "id": "/subscriptions/0df0b217-e303-4931-bcbf-af4fe070d1ac/resourceGroups/ShaharTF/providers/Microsoft.Network/virtualNetworks/ShaharTF/subnets/Sub2",
                "name": "Sub2",
                "security_group": ""
              }
            ],
            "tags": {
              "costcenter": "it",
              "environment": "dev"
            },
            "timeouts": null,
            "vm_protection_enabled": false
          },
          "sensitive_attributes": [],
          "private": "eyJlMmJmYjczMC1lY2FhLTExZTYtOGY4OC0zNDM2M2JjN2M0YzAiOnsiY3JlYXRlIjoxODAwMDAwMDAwMDAwLCJkZWxldGUiOjE4MDAwMDAwMDAwMDAsInJlYWQiOjMwMDAwMDAwMDAwMCwidXBkYXRlIjoxODAwMDAwMDAwMDAwfX0=",
          "dependencies": [
            "azurerm_resource_group.test",
            "module.test.data.azurerm_resource_group.vnet"
          ]
        }
      ]
    }
  ]
}
